dependencies:
  espressif/esp_new_jpeg:
    component_hash: e1e7e6991193c41ed6c9fc386702aa7821433319e7aa9c3147cd3236310cd69c
    dependencies: []
    source:
      registry_url: https://components.espressif.com/
      type: service
    targets:
    - esp32
    - esp32s2
    - esp32s3
    - esp32s31
    - esp32p4
    - esp32c2
    - esp32c3
    - esp32c5
    - esp32c6
    - esp32c61
    - esp32h4
    version: 1.0.2
  idf:
    source:
      type: idf
    version: 6.1.0
  nopnop2002/st7789:
    component_hash: 58c7fa67a337fe5cc806431f191c2a41fe48c0500fcc26b4713a272bec476f88
    dependencies: []
    source:
      git: https://github.com/nopnop2002/esp-idf-st7789.git
      path: components/st7789/
      type: git
    version: 3ac404517bd95f0cce3957f88dac72cbc3bd938d
  sd_card:
    dependencies: []
    source:
      path: ../../.espressif/v6.1/esp-idf/examples/storage/sd_card/sdmmc/components/sd_card
      type: local
    version: '*'
direct_dependencies:
- espressif/esp_new_jpeg
- nopnop2002/st7789
- sd_card
manifest_hash: 703207737ef0b7e7d8dd31cdfae96a8b7f8280910d9a04a7962af7068a5dbee3
target: esp32s3
version: 3.0.0
